<?xml version="1.0" encoding="utf-8"?>
<Project ToolsVersion="4.0" xmlns="http://schemas.microsoft.com/developer/msbuild/2003">
  <ItemGroup>
    <Filter Include="源文件">
      <UniqueIdentifier>{4FC737F1-C7A5-4376-A066-2A32D752A2FF}</UniqueIdentifier>
      <Extensions>cpp;c;cc;cxx;def;odl;idl;hpj;bat;asm;asmx</Extensions>
    </Filter>
    <Filter Include="头文件">
      <UniqueIdentifier>{93995380-89BD-4b04-88EB-625FBE52EBFB}</UniqueIdentifier>
      <Extensions>h;hh;hpp;hxx;hm;inl;inc;ipp;xsd</Extensions>
    </Filter>
    <Filter Include="资源文件">
      <UniqueIdentifier>{67DA6AB6-F800-4c08-8B7A-83BB121AAD01}</UniqueIdentifier>
      <Extensions>rc;ico;cur;bmp;dlg;rc2;rct;bin;rgs;gif;jpg;jpeg;jpe;resx;tiff;tif;png;wav;mfcribbon-ms</Extensions>
    </Filter>
  </ItemGroup>
  <ItemGroup>
    <ClInclude Include="include\env.h">
      <Filter>头文件</Filter>
    </ClInclude>
    <ClInclude Include="include\list.h">
      <Filter>头文件</Filter>
    </ClInclude>
    <ClInclude Include="include\str.h">
      <Filter>头文件</Filter>
    </ClInclude>
    <ClInclude Include="node.h">
      <Filter>头文件</Filter>
    </ClInclude>
    <ClInclude Include="Q28.h">
      <Filter>头文件</Filter>
    </ClInclude>
  </ItemGroup>
  <ItemGroup>
    <ClCompile Include="list.c">
      <Filter>源文件</Filter>
    </ClCompile>
    <ClCompile Include="str.c">
      <Filter>源文件</Filter>
    </ClCompile>
    <ClCompile Include="test.c">
      <Filter>源文件</Filter>
    </ClCompile>
    <ClCompile Include="Q1.c">
      <Filter>源文件</Filter>
    </ClCompile>
    <ClCompile Include="Q2.c">
      <Filter>源文件</Filter>
    </ClCompile>
    <ClCompile Include="Q3.c">
      <Filter>源文件</Filter>
    </ClCompile>
    <ClCompile Include="Qtemp.c">
      <Filter>源文件</Filter>
    </ClCompile>
    <ClCompile Include="Q4.c">
      <Filter>源文件</Filter>
    </ClCompile>
    <ClCompile Include="Q5.c">
      <Filter>源文件</Filter>
    </ClCompile>
    <ClCompile Include="Q6.c">
      <Filter>源文件</Filter>
    </ClCompile>
    <ClCompile Include="Q7.c">
      <Filter>源文件</Filter>
    </ClCompile>
    <ClCompile Include="Q8.c">
      <Filter>源文件</Filter>
    </ClCompile>
    <ClCompile Include="Q9.c">
      <Filter>源文件</Filter>
    </ClCompile>
    <ClCompile Include="Q10.c">
      <Filter>源文件</Filter>
    </ClCompile>
    <ClCompile Include="Q11.c">
      <Filter>源文件</Filter>
    </ClCompile>
    <ClCompile Include="Q12.c">
      <Filter>源文件</Filter>
    </ClCompile>
    <ClCompile Include="Q13.c">
      <Filter>源文件</Filter>
    </ClCompile>
    <ClCompile Include="Q14.c">
      <Filter>源文件</Filter>
    </ClCompile>
    <ClCompile Include="Q15.c">
      <Filter>源文件</Filter>
    </ClCompile>
    <ClCompile Include="Q16.c">
      <Filter>源文件</Filter>
    </ClCompile>
    <ClCompile Include="Q17.c">
      <Filter>源文件</Filter>
    </ClCompile>
    <ClCompile Include="Q18.c">
      <Filter>源文件</Filter>
    </ClCompile>
    <ClCompile Include="Q19.c">
      <Filter>源文件</Filter>
    </ClCompile>
    <ClCompile Include="Q20.c">
      <Filter>源文件</Filter>
    </ClCompile>
    <ClCompile Include="Q21.c">
      <Filter>源文件</Filter>
    </ClCompile>
    <ClCompile Include="Q22.c">
      <Filter>源文件</Filter>
    </ClCompile>
    <ClCompile Include="Q23.c">
      <Filter>源文件</Filter>
    </ClCompile>
    <ClCompile Include="Q24.c">
      <Filter>源文件</Filter>
    </ClCompile>
    <ClCompile Include="node.c">
      <Filter>源文件</Filter>
    </ClCompile>
    <ClCompile Include="Q25.c">
      <Filter>源文件</Filter>
    </ClCompile>
    <ClCompile Include="Q26.c">
      <Filter>源文件</Filter>
    </ClCompile>
    <ClCompile Include="Q27.c">
      <Filter>源文件</Filter>
    </ClCompile>
    <ClCompile Include="Q28.c">
      <Filter>源文件</Filter>
    </ClCompile>
  </ItemGroup>
</Project>